
Microsoft Visual Studio Solution File, Format Version 12.00
Project("{FAE04EC0-301F-11D3-BF4B-00C04F79EFBC}") = "Domain", "Domain\Domain.csproj", "{35BD129C-1EBB-4749-BB59-153E689CA818}"
EndProject
Project("{FAE04EC0-301F-11D3-BF4B-00C04F79EFBC}") = "EFC", "EFC\EFC.csproj", "{AAD7EDD9-CAAE-45E5-BD21-BD630A6D657D}"
EndProject
Project("{FAE04EC0-301F-11D3-BF4B-00C04F79EFBC}") = "Blazor", "Blazor\Blazor.csproj", "{5361559B-D7B1-41E0-9574-8076D681D514}"
EndProject
Global
	GlobalSection(SolutionConfigurationPlatforms) = preSolution
		Debug|Any CPU = Debug|Any CPU
		Release|Any CPU = Release|Any CPU
	EndGlobalSection
	GlobalSection(ProjectConfigurationPlatforms) = postSolution
		{35BD129C-1EBB-4749-BB59-153E689CA818}.Debug|Any CPU.ActiveCfg = Debug|Any CPU
		{35BD129C-1EBB-4749-BB59-153E689CA818}.Debug|Any CPU.Build.0 = Debug|Any CPU
		{35BD129C-1EBB-4749-BB59-153E689CA818}.Release|Any CPU.ActiveCfg = Release|Any CPU
		{35BD129C-1EBB-4749-BB59-153E689CA818}.Release|Any CPU.Build.0 = Release|Any CPU
		{AAD7EDD9-CAAE-45E5-BD21-BD630A6D657D}.Debug|Any CPU.ActiveCfg = Debug|Any CPU
		{AAD7EDD9-CAAE-45E5-BD21-BD630A6D657D}.Debug|Any CPU.Build.0 = Debug|Any CPU
		{AAD7EDD9-CAAE-45E5-BD21-BD630A6D657D}.Release|Any CPU.ActiveCfg = Release|Any CPU
		{AAD7EDD9-CAAE-45E5-BD21-BD630A6D657D}.Release|Any CPU.Build.0 = Release|Any CPU
		{5361559B-D7B1-41E0-9574-8076D681D514}.Debug|Any CPU.ActiveCfg = Debug|Any CPU
		{5361559B-D7B1-41E0-9574-8076D681D514}.Debug|Any CPU.Build.0 = Debug|Any CPU
		{5361559B-D7B1-41E0-9574-8076D681D514}.Release|Any CPU.ActiveCfg = Release|Any CPU
		{5361559B-D7B1-41E0-9574-8076D681D514}.Release|Any CPU.Build.0 = Release|Any CPU
	EndGlobalSection
EndGlobal
